
Microsoft Visual Studio Solution File, Format Version 12.00
# Visual Studio Version 16
VisualStudioVersion = 16.0.31702.278
MinimumVisualStudioVersion = 10.0.40219.1
Project("{FAE04EC0-301F-11D3-BF4B-00C04F79EFBC}") = "ASP.NetMVC", "ASP.NetMVC\ASP.NetMVC.csproj", "{D5831734-C25F-4B03-BDE0-777BAC4D038A}"
EndProject
Global
	GlobalSection(SolutionConfigurationPlatforms) = preSolution
		Debug|Any CPU = Debug|Any CPU
		Release|Any CPU = Release|Any CPU
	EndGlobalSection
	GlobalSection(ProjectConfigurationPlatforms) = postSolution
		{D5831734-C25F-4B03-BDE0-777BAC4D038A}.Debug|Any CPU.ActiveCfg = Debug|Any CPU
		{D5831734-C25F-4B03-BDE0-777BAC4D038A}.Debug|Any CPU.Build.0 = Debug|Any CPU
		{D5831734-C25F-4B03-BDE0-777BAC4D038A}.Release|Any CPU.ActiveCfg = Release|Any CPU
		{D5831734-C25F-4B03-BDE0-777BAC4D038A}.Release|Any CPU.Build.0 = Release|Any CPU
	EndGlobalSection
	GlobalSection(SolutionProperties) = preSolution
		HideSolutionNode = FALSE
	EndGlobalSection
	GlobalSection(ExtensibilityGlobals) = postSolution
		SolutionGuid = {D7D8B691-C4F2-4AF0-A293-70BBBCED92A9}
	EndGlobalSection
EndGlobal
